
Microsoft Visual Studio Solution File, Format Version 12.00
# Visual Studio Version 17
VisualStudioVersion = 17.5.33516.290
MinimumVisualStudioVersion = 10.0.40219.1
Project("{FAE04EC0-301F-11D3-BF4B-00C04F79EFBC}") = "Coffee_web", "Coffee_web\Coffee_web.csproj", "{AC365306-120E-45B3-8A85-06D9BD591A3E}"
EndProject
Global
	GlobalSection(SolutionConfigurationPlatforms) = preSolution
		Debug|Any CPU = Debug|Any CPU
		Release|Any CPU = Release|Any CPU
	EndGlobalSection
	GlobalSection(ProjectConfigurationPlatforms) = postSolution
		{AC365306-120E-45B3-8A85-06D9BD591A3E}.Debug|Any CPU.ActiveCfg = Debug|Any CPU
		{AC365306-120E-45B3-8A85-06D9BD591A3E}.Debug|Any CPU.Build.0 = Debug|Any CPU
		{AC365306-120E-45B3-8A85-06D9BD591A3E}.Release|Any CPU.ActiveCfg = Release|Any CPU
		{AC365306-120E-45B3-8A85-06D9BD591A3E}.Release|Any CPU.Build.0 = Release|Any CPU
	EndGlobalSection
	GlobalSection(SolutionProperties) = preSolution
		HideSolutionNode = FALSE
	EndGlobalSection
	GlobalSection(ExtensibilityGlobals) = postSolution
		SolutionGuid = {72D33E6E-974E-4BDC-AF48-37DB7AC2420B}
	EndGlobalSection
EndGlobal
